{
  "name": "animated-spork",
  "version": "1.0.0",
  "lockfileVersion": 3,
  "requires": true,
  "packages": {
    "": {
      "name": "animated-spork",
      "version": "1.0.0",
      "license": "ISC",
      "workspaces": [
        "packages/shared-core",
        "packages/frontend-core",
        "packages/api-core",
        "apps/demo-web",
        "apps/demo-api"
      ]
    },
    "apps/demo-api": {
      "name": "@animated-spork/demo-api",
      "version": "1.0.0",
      "license": "ISC"
    },
    "apps/demo-web": {
      "name": "@animated-spork/demo-web",
      "version": "1.0.0",
      "license": "ISC"
    },
    "node_modules/@animated-spork/api-core": {
      "resolved": "packages/api-core",
      "link": true
    },
    "node_modules/@animated-spork/demo-api": {
      "resolved": "apps/demo-api",
      "link": true
    },
    "node_modules/@animated-spork/demo-web": {
      "resolved": "apps/demo-web",
      "link": true
    },
    "node_modules/@animated-spork/frontend-core": {
      "resolved": "packages/frontend-core",
      "link": true
    },
    "node_modules/@animated-spork/shared-core": {
      "resolved": "packages/shared-core",
      "link": true
    },
    "packages/api-core": {
      "name": "@animated-spork/api-core",
      "version": "1.0.0",
      "license": "ISC"
    },
    "packages/frontend-core": {
      "name": "@animated-spork/frontend-core",
      "version": "1.0.0",
      "license": "ISC"
    },
    "packages/shared-core": {
      "name": "@animated-spork/shared-core",
      "version": "1.0.0",
      "license": "ISC"
    }
  }
}
